
Microsoft Visual Studio Solution File, Format Version 12.00
# Visual Studio Version 16
VisualStudioVersion = 16.0.31911.196
MinimumVisualStudioVersion = 10.0.40219.1
Project("{FAE04EC0-301F-11D3-BF4B-00C04F79EFBC}") = "ApacheTech.Common.Extensions", "ApacheTech.Common.Extensions\ApacheTech.Common.Extensions.csproj", "{FBBD0FB8-21C1-41F6-AB1F-591C0A0E63D1}"
EndProject
Global
	GlobalSection(SolutionConfigurationPlatforms) = preSolution
		Debug|Any CPU = Debug|Any CPU
		Package|Any CPU = Package|Any CPU
		Release|Any CPU = Release|Any CPU
	EndGlobalSection
	GlobalSection(ProjectConfigurationPlatforms) = postSolution
		{FBBD0FB8-21C1-41F6-AB1F-591C0A0E63D1}.Debug|Any CPU.ActiveCfg = Debug|Any CPU
		{FBBD0FB8-21C1-41F6-AB1F-591C0A0E63D1}.Debug|Any CPU.Build.0 = Debug|Any CPU
		{FBBD0FB8-21C1-41F6-AB1F-591C0A0E63D1}.Package|Any CPU.ActiveCfg = Debug|Any CPU
		{FBBD0FB8-21C1-41F6-AB1F-591C0A0E63D1}.Package|Any CPU.Build.0 = Debug|Any CPU
		{FBBD0FB8-21C1-41F6-AB1F-591C0A0E63D1}.Release|Any CPU.ActiveCfg = Release|Any CPU
		{FBBD0FB8-21C1-41F6-AB1F-591C0A0E63D1}.Release|Any CPU.Build.0 = Release|Any CPU
	EndGlobalSection
	GlobalSection(SolutionProperties) = preSolution
		HideSolutionNode = FALSE
	EndGlobalSection
	GlobalSection(ExtensibilityGlobals) = postSolution
		SolutionGuid = {6B730EC5-7DF4-46C2-B919-2791F63FD57D}
	EndGlobalSection
EndGlobal
