
Microsoft Visual Studio Solution File, Format Version 12.00
# Visual Studio Version 17
VisualStudioVersion = 17.3.32714.290
MinimumVisualStudioVersion = 10.0.40219.1
Project("{9A19103F-16F7-4668-BE54-9A1E7A4F7556}") = "ApacheTech.Common.Extensions", "ApacheTech.Common.Extensions\ApacheTech.Common.Extensions.csproj", "{FBBD0FB8-21C1-41F6-AB1F-591C0A0E63D1}"
EndProject
Project("{2150E333-8FDC-42A3-9474-1A3956D46DE8}") = "Solution Items", "Solution Items", "{3C0C9C6B-E267-49FE-A951-E4ED8EC935C2}"
	ProjectSection(SolutionItems) = preProject
		README.md = README.md
	EndProjectSection
EndProject
Global
	GlobalSection(SolutionConfigurationPlatforms) = preSolution
		Debug|Any CPU = Debug|Any CPU
		Package|Any CPU = Package|Any CPU
		Release|Any CPU = Release|Any CPU
	EndGlobalSection
	GlobalSection(ProjectConfigurationPlatforms) = postSolution
		{FBBD0FB8-21C1-41F6-AB1F-591C0A0E63D1}.Debug|Any CPU.ActiveCfg = Debug|Any CPU
		{FBBD0FB8-21C1-41F6-AB1F-591C0A0E63D1}.Debug|Any CPU.Build.0 = Debug|Any CPU
		{FBBD0FB8-21C1-41F6-AB1F-591C0A0E63D1}.Package|Any CPU.ActiveCfg = Debug|Any CPU
		{FBBD0FB8-21C1-41F6-AB1F-591C0A0E63D1}.Package|Any CPU.Build.0 = Debug|Any CPU
		{FBBD0FB8-21C1-41F6-AB1F-591C0A0E63D1}.Release|Any CPU.ActiveCfg = Release|Any CPU
		{FBBD0FB8-21C1-41F6-AB1F-591C0A0E63D1}.Release|Any CPU.Build.0 = Release|Any CPU
	EndGlobalSection
	GlobalSection(SolutionProperties) = preSolution
		HideSolutionNode = FALSE
	EndGlobalSection
	GlobalSection(ExtensibilityGlobals) = postSolution
		SolutionGuid = {6B730EC5-7DF4-46C2-B919-2791F63FD57D}
	EndGlobalSection
EndGlobal
